
Microsoft Visual Studio Solution File, Format Version 12.00
# Visual Studio Version 16
VisualStudioVersion = 16.0.29509.3
MinimumVisualStudioVersion = 10.0.40219.1
Project("{FAE04EC0-301F-11D3-BF4B-00C04F79EFBC}") = "LinuxGameServer", "LinuxGameServer\LinuxGameServer.csproj", "{C05C7984-0EAD-41E3-AE45-D24DE45857CC}"
EndProject
Global
	GlobalSection(SolutionConfigurationPlatforms) = preSolution
		Debug|Any CPU = Debug|Any CPU
		Release|Any CPU = Release|Any CPU
	EndGlobalSection
	GlobalSection(ProjectConfigurationPlatforms) = postSolution
		{C05C7984-0EAD-41E3-AE45-D24DE45857CC}.Debug|Any CPU.ActiveCfg = Debug|Any CPU
		{C05C7984-0EAD-41E3-AE45-D24DE45857CC}.Debug|Any CPU.Build.0 = Debug|Any CPU
		{C05C7984-0EAD-41E3-AE45-D24DE45857CC}.Release|Any CPU.ActiveCfg = Release|Any CPU
		{C05C7984-0EAD-41E3-AE45-D24DE45857CC}.Release|Any CPU.Build.0 = Release|Any CPU
	EndGlobalSection
	GlobalSection(SolutionProperties) = preSolution
		HideSolutionNode = FALSE
	EndGlobalSection
	GlobalSection(ExtensibilityGlobals) = postSolution
		SolutionGuid = {8FAF5F43-3124-4C45-8356-AC7D8085160F}
	EndGlobalSection
EndGlobal
